
Microsoft Visual Studio Solution File, Format Version 12.00
# Visual Studio Version 17
VisualStudioVersion = 17.0.31903.59
MinimumVisualStudioVersion = 10.0.40219.1
Project("{2150E333-8FDC-42A3-9474-1A3956D46DE8}") = "tests", "tests", "{0AB3BF05-4346-4AA6-1389-037BE0695223}"
EndProject
Project("{2150E333-8FDC-42A3-9474-1A3956D46DE8}") = "unit", "unit", "{9D556B49-86D1-93A7-9596-FFAAB74EC556}"
EndProject
Project("{FAE04EC0-301F-11D3-BF4B-00C04F79EFBC}") = "PulseAPK.Tests", "tests\unit\PulseAPK.Tests\PulseAPK.Tests.csproj", "{5619EBDC-484C-4F27-8D2D-2F3E24D6CCAD}"
EndProject
Project("{2150E333-8FDC-42A3-9474-1A3956D46DE8}") = "src", "src", "{7580A35C-1BCF-4711-8ACE-79441DD0EAF8}"
EndProject
Project("{FAE04EC0-301F-11D3-BF4B-00C04F79EFBC}") = "PulseAPK.Core", "src\PulseAPK.Core\PulseAPK.Core.csproj", "{05720E8F-7852-40A5-86B0-AABB6A032BD3}"
EndProject
Project("{FAE04EC0-301F-11D3-BF4B-00C04F79EFBC}") = "PulseAPK.Avalonia", "src\PulseAPK.Avalonia\PulseAPK.Avalonia.csproj", "{54574781-42E2-4A8E-851E-D9D7A5E984DE}"
EndProject
Global
	GlobalSection(SolutionConfigurationPlatforms) = preSolution
		Debug|Any CPU = Debug|Any CPU
		Debug|x64 = Debug|x64
		Debug|x86 = Debug|x86
		Release|Any CPU = Release|Any CPU
		Release|x64 = Release|x64
		Release|x86 = Release|x86
	EndGlobalSection
	GlobalSection(ProjectConfigurationPlatforms) = postSolution
		{5619EBDC-484C-4F27-8D2D-2F3E24D6CCAD}.Debug|Any CPU.ActiveCfg = Debug|Any CPU
		{5619EBDC-484C-4F27-8D2D-2F3E24D6CCAD}.Debug|Any CPU.Build.0 = Debug|Any CPU
		{5619EBDC-484C-4F27-8D2D-2F3E24D6CCAD}.Debug|x64.ActiveCfg = Debug|Any CPU
		{5619EBDC-484C-4F27-8D2D-2F3E24D6CCAD}.Debug|x64.Build.0 = Debug|Any CPU
		{5619EBDC-484C-4F27-8D2D-2F3E24D6CCAD}.Debug|x86.ActiveCfg = Debug|Any CPU
		{5619EBDC-484C-4F27-8D2D-2F3E24D6CCAD}.Debug|x86.Build.0 = Debug|Any CPU
		{5619EBDC-484C-4F27-8D2D-2F3E24D6CCAD}.Release|Any CPU.ActiveCfg = Release|Any CPU
		{5619EBDC-484C-4F27-8D2D-2F3E24D6CCAD}.Release|Any CPU.Build.0 = Release|Any CPU
		{5619EBDC-484C-4F27-8D2D-2F3E24D6CCAD}.Release|x64.ActiveCfg = Release|Any CPU
		{5619EBDC-484C-4F27-8D2D-2F3E24D6CCAD}.Release|x64.Build.0 = Release|Any CPU
		{5619EBDC-484C-4F27-8D2D-2F3E24D6CCAD}.Release|x86.ActiveCfg = Release|Any CPU
		{5619EBDC-484C-4F27-8D2D-2F3E24D6CCAD}.Release|x86.Build.0 = Release|Any CPU
		{05720E8F-7852-40A5-86B0-AABB6A032BD3}.Debug|Any CPU.ActiveCfg = Debug|Any CPU
		{05720E8F-7852-40A5-86B0-AABB6A032BD3}.Debug|Any CPU.Build.0 = Debug|Any CPU
		{05720E8F-7852-40A5-86B0-AABB6A032BD3}.Debug|x64.ActiveCfg = Debug|Any CPU
		{05720E8F-7852-40A5-86B0-AABB6A032BD3}.Debug|x64.Build.0 = Debug|Any CPU
		{05720E8F-7852-40A5-86B0-AABB6A032BD3}.Debug|x86.ActiveCfg = Debug|Any CPU
		{05720E8F-7852-40A5-86B0-AABB6A032BD3}.Debug|x86.Build.0 = Debug|Any CPU
		{05720E8F-7852-40A5-86B0-AABB6A032BD3}.Release|Any CPU.ActiveCfg = Release|Any CPU
		{05720E8F-7852-40A5-86B0-AABB6A032BD3}.Release|Any CPU.Build.0 = Release|Any CPU
		{05720E8F-7852-40A5-86B0-AABB6A032BD3}.Release|x64.ActiveCfg = Release|Any CPU
		{05720E8F-7852-40A5-86B0-AABB6A032BD3}.Release|x64.Build.0 = Release|Any CPU
		{05720E8F-7852-40A5-86B0-AABB6A032BD3}.Release|x86.ActiveCfg = Release|Any CPU
		{05720E8F-7852-40A5-86B0-AABB6A032BD3}.Release|x86.Build.0 = Release|Any CPU
		{54574781-42E2-4A8E-851E-D9D7A5E984DE}.Debug|Any CPU.ActiveCfg = Debug|Any CPU
		{54574781-42E2-4A8E-851E-D9D7A5E984DE}.Debug|Any CPU.Build.0 = Debug|Any CPU
		{54574781-42E2-4A8E-851E-D9D7A5E984DE}.Debug|x64.ActiveCfg = Debug|Any CPU
		{54574781-42E2-4A8E-851E-D9D7A5E984DE}.Debug|x64.Build.0 = Debug|Any CPU
		{54574781-42E2-4A8E-851E-D9D7A5E984DE}.Debug|x86.ActiveCfg = Debug|Any CPU
		{54574781-42E2-4A8E-851E-D9D7A5E984DE}.Debug|x86.Build.0 = Debug|Any CPU
		{54574781-42E2-4A8E-851E-D9D7A5E984DE}.Release|Any CPU.ActiveCfg = Release|Any CPU
		{54574781-42E2-4A8E-851E-D9D7A5E984DE}.Release|Any CPU.Build.0 = Release|Any CPU
		{54574781-42E2-4A8E-851E-D9D7A5E984DE}.Release|x64.ActiveCfg = Release|Any CPU
		{54574781-42E2-4A8E-851E-D9D7A5E984DE}.Release|x64.Build.0 = Release|Any CPU
		{54574781-42E2-4A8E-851E-D9D7A5E984DE}.Release|x86.ActiveCfg = Release|Any CPU
		{54574781-42E2-4A8E-851E-D9D7A5E984DE}.Release|x86.Build.0 = Release|Any CPU
	EndGlobalSection
	GlobalSection(SolutionProperties) = preSolution
		HideSolutionNode = FALSE
	EndGlobalSection
	GlobalSection(NestedProjects) = preSolution
		{9D556B49-86D1-93A7-9596-FFAAB74EC556} = {0AB3BF05-4346-4AA6-1389-037BE0695223}
		{5619EBDC-484C-4F27-8D2D-2F3E24D6CCAD} = {9D556B49-86D1-93A7-9596-FFAAB74EC556}
		{05720E8F-7852-40A5-86B0-AABB6A032BD3} = {7580A35C-1BCF-4711-8ACE-79441DD0EAF8}
		{54574781-42E2-4A8E-851E-D9D7A5E984DE} = {7580A35C-1BCF-4711-8ACE-79441DD0EAF8}
	EndGlobalSection
	GlobalSection(ExtensibilityGlobals) = postSolution
		SolutionGuid = {B12AE7FC-0BA9-4EBC-A3A1-1DA69FA86B8E}
	EndGlobalSection
EndGlobal
